
Microsoft Visual Studio Solution File, Format Version 12.00
# Visual Studio Version 16
VisualStudioVersion = 16.0.30223.230
MinimumVisualStudioVersion = 10.0.40219.1
Project("{9A19103F-16F7-4668-BE54-9A1E7A4F7556}") = "AG.Auto.Client", "AG.Auto.Client\AG.Auto.Client.csproj", "{F9493368-AFD5-4AAB-B46C-A52910285AA7}"
EndProject
Project("{9A19103F-16F7-4668-BE54-9A1E7A4F7556}") = "AG.Auto.Controller", "AG.Auto.Controller\AG.Auto.Controller.csproj", "{81DBC2A6-4D2B-43EC-AE80-E3E5714EB70B}"
EndProject
Project("{FAE04EC0-301F-11D3-BF4B-00C04F79EFBC}") = "AG.Auto.WebClient", "AG.Auto.WebClient\AG.Auto.WebClient.csproj", "{E89E7F9E-4949-49DA-8FA4-05CE005B0404}"
EndProject
Global
	GlobalSection(SolutionConfigurationPlatforms) = preSolution
		Debug|Any CPU = Debug|Any CPU
		Release|Any CPU = Release|Any CPU
	EndGlobalSection
	GlobalSection(ProjectConfigurationPlatforms) = postSolution
		{F9493368-AFD5-4AAB-B46C-A52910285AA7}.Debug|Any CPU.ActiveCfg = Debug|Any CPU
		{F9493368-AFD5-4AAB-B46C-A52910285AA7}.Debug|Any CPU.Build.0 = Debug|Any CPU
		{F9493368-AFD5-4AAB-B46C-A52910285AA7}.Release|Any CPU.ActiveCfg = Release|Any CPU
		{F9493368-AFD5-4AAB-B46C-A52910285AA7}.Release|Any CPU.Build.0 = Release|Any CPU
		{81DBC2A6-4D2B-43EC-AE80-E3E5714EB70B}.Debug|Any CPU.ActiveCfg = Debug|Any CPU
		{81DBC2A6-4D2B-43EC-AE80-E3E5714EB70B}.Debug|Any CPU.Build.0 = Debug|Any CPU
		{81DBC2A6-4D2B-43EC-AE80-E3E5714EB70B}.Release|Any CPU.ActiveCfg = Release|Any CPU
		{81DBC2A6-4D2B-43EC-AE80-E3E5714EB70B}.Release|Any CPU.Build.0 = Release|Any CPU
		{E89E7F9E-4949-49DA-8FA4-05CE005B0404}.Debug|Any CPU.ActiveCfg = Debug|Any CPU
		{E89E7F9E-4949-49DA-8FA4-05CE005B0404}.Debug|Any CPU.Build.0 = Debug|Any CPU
		{E89E7F9E-4949-49DA-8FA4-05CE005B0404}.Release|Any CPU.ActiveCfg = Release|Any CPU
		{E89E7F9E-4949-49DA-8FA4-05CE005B0404}.Release|Any CPU.Build.0 = Release|Any CPU
	EndGlobalSection
	GlobalSection(SolutionProperties) = preSolution
		HideSolutionNode = FALSE
	EndGlobalSection
	GlobalSection(ExtensibilityGlobals) = postSolution
		SolutionGuid = {1DBC77CA-31A3-4A79-AEF5-3D0DBDF0658A}
	EndGlobalSection
EndGlobal
